
Microsoft Visual Studio Solution File, Format Version 12.00
# Visual Studio Version 17
VisualStudioVersion = 17.13.35507.96 d17.13
MinimumVisualStudioVersion = 10.0.40219.1
Project("{FAE04EC0-301F-11D3-BF4B-00C04F79EFBC}") = "Tazkarti.PL", "Tazkarti.PL\Tazkarti.PL.csproj", "{19BD43F6-FE67-402F-B4F5-F570119F9522}"
EndProject
Project("{FAE04EC0-301F-11D3-BF4B-00C04F79EFBC}") = "Tazkarti.Core", "Tazkarti.Core\Tazkarti.Core.csproj", "{339161AE-380E-4D7A-BFEC-3F83FEBC58D5}"
EndProject
Project("{FAE04EC0-301F-11D3-BF4B-00C04F79EFBC}") = "Tazkarti.Repository", "Tazkarti.Reposatory\Tazkarti.Repository.csproj", "{CB6A08B6-D902-41C8-85F3-199004ECB1AA}"
EndProject
Project("{FAE04EC0-301F-11D3-BF4B-00C04F79EFBC}") = "Tazkarti.Service", "Tazkarti.Service\Tazkarti.Service.csproj", "{8E3F3CA0-6EC0-4D88-82D1-20AE58790668}"
EndProject
Global
	GlobalSection(SolutionConfigurationPlatforms) = preSolution
		Debug|Any CPU = Debug|Any CPU
		Release|Any CPU = Release|Any CPU
	EndGlobalSection
	GlobalSection(ProjectConfigurationPlatforms) = postSolution
		{19BD43F6-FE67-402F-B4F5-F570119F9522}.Debug|Any CPU.ActiveCfg = Debug|Any CPU
		{19BD43F6-FE67-402F-B4F5-F570119F9522}.Debug|Any CPU.Build.0 = Debug|Any CPU
		{19BD43F6-FE67-402F-B4F5-F570119F9522}.Release|Any CPU.ActiveCfg = Release|Any CPU
		{19BD43F6-FE67-402F-B4F5-F570119F9522}.Release|Any CPU.Build.0 = Release|Any CPU
		{339161AE-380E-4D7A-BFEC-3F83FEBC58D5}.Debug|Any CPU.ActiveCfg = Debug|Any CPU
		{339161AE-380E-4D7A-BFEC-3F83FEBC58D5}.Debug|Any CPU.Build.0 = Debug|Any CPU
		{339161AE-380E-4D7A-BFEC-3F83FEBC58D5}.Release|Any CPU.ActiveCfg = Release|Any CPU
		{339161AE-380E-4D7A-BFEC-3F83FEBC58D5}.Release|Any CPU.Build.0 = Release|Any CPU
		{CB6A08B6-D902-41C8-85F3-199004ECB1AA}.Debug|Any CPU.ActiveCfg = Debug|Any CPU
		{CB6A08B6-D902-41C8-85F3-199004ECB1AA}.Debug|Any CPU.Build.0 = Debug|Any CPU
		{CB6A08B6-D902-41C8-85F3-199004ECB1AA}.Release|Any CPU.ActiveCfg = Release|Any CPU
		{CB6A08B6-D902-41C8-85F3-199004ECB1AA}.Release|Any CPU.Build.0 = Release|Any CPU
		{8E3F3CA0-6EC0-4D88-82D1-20AE58790668}.Debug|Any CPU.ActiveCfg = Debug|Any CPU
		{8E3F3CA0-6EC0-4D88-82D1-20AE58790668}.Debug|Any CPU.Build.0 = Debug|Any CPU
		{8E3F3CA0-6EC0-4D88-82D1-20AE58790668}.Release|Any CPU.ActiveCfg = Release|Any CPU
		{8E3F3CA0-6EC0-4D88-82D1-20AE58790668}.Release|Any CPU.Build.0 = Release|Any CPU
	EndGlobalSection
	GlobalSection(SolutionProperties) = preSolution
		HideSolutionNode = FALSE
	EndGlobalSection
	GlobalSection(ExtensibilityGlobals) = postSolution
		SolutionGuid = {F0D791B0-F21D-4E31-8A94-4813EA1C5044}
	EndGlobalSection
EndGlobal
