
Microsoft Visual Studio Solution File, Format Version 12.00
# Visual Studio Version 17
VisualStudioVersion = 17.13.35507.96 d17.13
MinimumVisualStudioVersion = 10.0.40219.1
Project("{FAE04EC0-301F-11D3-BF4B-00C04F79EFBC}") = "Tazkarti.PL", "Tazkarti.PL\Tazkarti.PL.csproj", "{19BD43F6-FE67-402F-B4F5-F570119F9522}"
EndProject
Global
	GlobalSection(SolutionConfigurationPlatforms) = preSolution
		Debug|Any CPU = Debug|Any CPU
		Release|Any CPU = Release|Any CPU
	EndGlobalSection
	GlobalSection(ProjectConfigurationPlatforms) = postSolution
		{19BD43F6-FE67-402F-B4F5-F570119F9522}.Debug|Any CPU.ActiveCfg = Debug|Any CPU
		{19BD43F6-FE67-402F-B4F5-F570119F9522}.Debug|Any CPU.Build.0 = Debug|Any CPU
		{19BD43F6-FE67-402F-B4F5-F570119F9522}.Release|Any CPU.ActiveCfg = Release|Any CPU
		{19BD43F6-FE67-402F-B4F5-F570119F9522}.Release|Any CPU.Build.0 = Release|Any CPU
	EndGlobalSection
	GlobalSection(SolutionProperties) = preSolution
		HideSolutionNode = FALSE
	EndGlobalSection
	GlobalSection(ExtensibilityGlobals) = postSolution
		SolutionGuid = {F0D791B0-F21D-4E31-8A94-4813EA1C5044}
	EndGlobalSection
EndGlobal
